
Microsoft Visual Studio Solution File, Format Version 12.00
# Visual Studio Version 17
VisualStudioVersion = 17.0.31903.59
MinimumVisualStudioVersion = 10.0.40219.1
Project("{FAE04EC0-301F-11D3-BF4B-00C04F79EFBC}") = "MovieBuyerMin", "MovieBuyerMin\MovieBuyer.csproj", "{23832281-8759-4FB1-8F11-965EF8890116}"
EndProject
Project("{2150E333-8FDC-42A3-9474-1A3956D46DE8}") = "src", "src", "{FEC1EB49-BCBC-435E-ADBF-9DBBAEFEBFB3}"
EndProject
Project("{FAE04EC0-301F-11D3-BF4B-00C04F79EFBC}") = "MovieStore.Api", "src\MovieStore.Api\MovieStore.Api.csproj", "{A7CE5DA5-15C1-4610-B574-76E0202E4F3C}"
EndProject
Project("{2150E333-8FDC-42A3-9474-1A3956D46DE8}") = "MovieStore.Core", "MovieStore.Core", "{92CA2D5E-B408-4AAC-9D02-9B67DB0C6DA4}"
EndProject
Project("{FAE04EC0-301F-11D3-BF4B-00C04F79EFBC}") = "MovieStore.Application", "src\MovieStore.Core\MovieStore.Application\MovieStore.Application.csproj", "{C15D453D-3133-4785-BED8-212A4F353181}"
EndProject
Project("{FAE04EC0-301F-11D3-BF4B-00C04F79EFBC}") = "MovieStore.Domain", "src\MovieStore.Core\MovieStore.Domain\MovieStore.Domain.csproj", "{21587C4B-912D-4CC9-B5CC-87125D00D904}"
EndProject
Project("{2150E333-8FDC-42A3-9474-1A3956D46DE8}") = "MovieStore.Persistence", "MovieStore.Persistence", "{381809EE-2659-48D5-B8A2-4B944EB7A238}"
EndProject
Project("{FAE04EC0-301F-11D3-BF4B-00C04F79EFBC}") = "MovieStore.Database", "src\MovieStore.Persistence\MovieStore.Database\MovieStore.Database.csproj", "{B987893E-1D30-40D6-9EE2-8C4FCBECD0F0}"
EndProject
Global
	GlobalSection(SolutionConfigurationPlatforms) = preSolution
		Debug|Any CPU = Debug|Any CPU
		Release|Any CPU = Release|Any CPU
	EndGlobalSection
	GlobalSection(SolutionProperties) = preSolution
		HideSolutionNode = FALSE
	EndGlobalSection
	GlobalSection(ProjectConfigurationPlatforms) = postSolution
		{23832281-8759-4FB1-8F11-965EF8890116}.Debug|Any CPU.ActiveCfg = Debug|Any CPU
		{23832281-8759-4FB1-8F11-965EF8890116}.Debug|Any CPU.Build.0 = Debug|Any CPU
		{23832281-8759-4FB1-8F11-965EF8890116}.Release|Any CPU.ActiveCfg = Release|Any CPU
		{23832281-8759-4FB1-8F11-965EF8890116}.Release|Any CPU.Build.0 = Release|Any CPU
		{A7CE5DA5-15C1-4610-B574-76E0202E4F3C}.Debug|Any CPU.ActiveCfg = Debug|Any CPU
		{A7CE5DA5-15C1-4610-B574-76E0202E4F3C}.Debug|Any CPU.Build.0 = Debug|Any CPU
		{A7CE5DA5-15C1-4610-B574-76E0202E4F3C}.Release|Any CPU.ActiveCfg = Release|Any CPU
		{A7CE5DA5-15C1-4610-B574-76E0202E4F3C}.Release|Any CPU.Build.0 = Release|Any CPU
		{C15D453D-3133-4785-BED8-212A4F353181}.Debug|Any CPU.ActiveCfg = Debug|Any CPU
		{C15D453D-3133-4785-BED8-212A4F353181}.Debug|Any CPU.Build.0 = Debug|Any CPU
		{C15D453D-3133-4785-BED8-212A4F353181}.Release|Any CPU.ActiveCfg = Release|Any CPU
		{C15D453D-3133-4785-BED8-212A4F353181}.Release|Any CPU.Build.0 = Release|Any CPU
		{21587C4B-912D-4CC9-B5CC-87125D00D904}.Debug|Any CPU.ActiveCfg = Debug|Any CPU
		{21587C4B-912D-4CC9-B5CC-87125D00D904}.Debug|Any CPU.Build.0 = Debug|Any CPU
		{21587C4B-912D-4CC9-B5CC-87125D00D904}.Release|Any CPU.ActiveCfg = Release|Any CPU
		{21587C4B-912D-4CC9-B5CC-87125D00D904}.Release|Any CPU.Build.0 = Release|Any CPU
		{B987893E-1D30-40D6-9EE2-8C4FCBECD0F0}.Debug|Any CPU.ActiveCfg = Debug|Any CPU
		{B987893E-1D30-40D6-9EE2-8C4FCBECD0F0}.Debug|Any CPU.Build.0 = Debug|Any CPU
		{B987893E-1D30-40D6-9EE2-8C4FCBECD0F0}.Release|Any CPU.ActiveCfg = Release|Any CPU
		{B987893E-1D30-40D6-9EE2-8C4FCBECD0F0}.Release|Any CPU.Build.0 = Release|Any CPU
	EndGlobalSection
	GlobalSection(NestedProjects) = preSolution
		{A7CE5DA5-15C1-4610-B574-76E0202E4F3C} = {FEC1EB49-BCBC-435E-ADBF-9DBBAEFEBFB3}
		{92CA2D5E-B408-4AAC-9D02-9B67DB0C6DA4} = {FEC1EB49-BCBC-435E-ADBF-9DBBAEFEBFB3}
		{C15D453D-3133-4785-BED8-212A4F353181} = {92CA2D5E-B408-4AAC-9D02-9B67DB0C6DA4}
		{21587C4B-912D-4CC9-B5CC-87125D00D904} = {92CA2D5E-B408-4AAC-9D02-9B67DB0C6DA4}
		{381809EE-2659-48D5-B8A2-4B944EB7A238} = {FEC1EB49-BCBC-435E-ADBF-9DBBAEFEBFB3}
		{B987893E-1D30-40D6-9EE2-8C4FCBECD0F0} = {381809EE-2659-48D5-B8A2-4B944EB7A238}
	EndGlobalSection
EndGlobal
